{
  "name": "artifex-build",
  "version": "1.0.0",
  "lockfileVersion": 2,
  "requires": true,
  "packages": {
    "": {
      "name": "artifex-build",
      "version": "1.0.0",
      "license": "ISC",
      "dependencies": {
        "commander": "^8.2.0",
        "webpack-chain": "^6.5.1"
      },
      "bin": {
        "artifex": "bin/artifex.js"
      }
    },
    "node_modules/commander": {
      "version": "8.2.0",
      "resolved": "https://registry.npmjs.org/commander/-/commander-8.2.0.tgz",
      "integrity": "sha512-LLKxDvHeL91/8MIyTAD5BFMNtoIwztGPMiM/7Bl8rIPmHCZXRxmSWr91h57dpOpnQ6jIUqEWdXE/uBYMfiVZDA==",
      "engines": {
        "node": ">= 12"
      }
    },
    "node_modules/deepmerge": {
      "version": "1.5.2",
      "resolved": "https://registry.npmjs.org/deepmerge/-/deepmerge-1.5.2.tgz",
      "integrity": "sha512-95k0GDqvBjZavkuvzx/YqVLv/6YYa17fz6ILMSf7neqQITCPbnfEnQvEgMPNjH4kgobe7+WIL0yJEHku+H3qtQ==",
      "engines": {
        "node": ">=0.10.0"
      }
    },
    "node_modules/javascript-stringify": {
      "version": "2.1.0",
      "resolved": "https://registry.npmjs.org/javascript-stringify/-/javascript-stringify-2.1.0.tgz",
      "integrity": "sha512-JVAfqNPTvNq3sB/VHQJAFxN/sPgKnsKrCwyRt15zwNCdrMMJDdcEOdubuy+DuJYYdm0ox1J4uzEuYKkN+9yhVg=="
    },
    "node_modules/webpack-chain": {
      "version": "6.5.1",
      "resolved": "https://registry.npmjs.org/webpack-chain/-/webpack-chain-6.5.1.tgz",
      "integrity": "sha512-7doO/SRtLu8q5WM0s7vPKPWX580qhi0/yBHkOxNkv50f6qB76Zy9o2wRTrrPULqYTvQlVHuvbA8v+G5ayuUDsA==",
      "dependencies": {
        "deepmerge": "^1.5.2",
        "javascript-stringify": "^2.0.1"
      },
      "engines": {
        "node": ">=8"
      }
    }
  },
  "dependencies": {
    "commander": {
      "version": "8.2.0",
      "resolved": "https://registry.npmjs.org/commander/-/commander-8.2.0.tgz",
      "integrity": "sha512-LLKxDvHeL91/8MIyTAD5BFMNtoIwztGPMiM/7Bl8rIPmHCZXRxmSWr91h57dpOpnQ6jIUqEWdXE/uBYMfiVZDA=="
    },
    "deepmerge": {
      "version": "1.5.2",
      "resolved": "https://registry.npmjs.org/deepmerge/-/deepmerge-1.5.2.tgz",
      "integrity": "sha512-95k0GDqvBjZavkuvzx/YqVLv/6YYa17fz6ILMSf7neqQITCPbnfEnQvEgMPNjH4kgobe7+WIL0yJEHku+H3qtQ=="
    },
    "javascript-stringify": {
      "version": "2.1.0",
      "resolved": "https://registry.npmjs.org/javascript-stringify/-/javascript-stringify-2.1.0.tgz",
      "integrity": "sha512-JVAfqNPTvNq3sB/VHQJAFxN/sPgKnsKrCwyRt15zwNCdrMMJDdcEOdubuy+DuJYYdm0ox1J4uzEuYKkN+9yhVg=="
    },
    "webpack-chain": {
      "version": "6.5.1",
      "resolved": "https://registry.npmjs.org/webpack-chain/-/webpack-chain-6.5.1.tgz",
      "integrity": "sha512-7doO/SRtLu8q5WM0s7vPKPWX580qhi0/yBHkOxNkv50f6qB76Zy9o2wRTrrPULqYTvQlVHuvbA8v+G5ayuUDsA==",
      "requires": {
        "deepmerge": "^1.5.2",
        "javascript-stringify": "^2.0.1"
      }
    }
  }
}
